
Microsoft Visual Studio Solution File, Format Version 12.00
# Visual Studio 15
VisualStudioVersion = 15.0.27004.2002
MinimumVisualStudioVersion = 10.0.40219.1
Project("{FAE04EC0-301F-11D3-BF4B-00C04F79EFBC}") = "Pt_Hippo_Mobile", "Pt-Hippo-Mobile\Pt_Hippo_Mobile\Pt_Hippo_Mobile.csproj", "{1B67CD10-D723-4F2B-BEBB-93F7C6E8AED7}"
EndProject
Project("{FAE04EC0-301F-11D3-BF4B-00C04F79EFBC}") = "Pt_Hippo_Mobile.iOS", "Pt-Hippo-Mobile\Pt_Hippo_Mobile.iOS\Pt_Hippo_Mobile.iOS.csproj", "{AC69DCB3-DF9D-4572-8BA8-CCB40424FABC}"
EndProject
Project("{FAE04EC0-301F-11D3-BF4B-00C04F79EFBC}") = "Pt_Hippo_Mobile.Android", "Pt-Hippo-Mobile\Pt_Hippo_Mobile.Android\Pt_Hippo_Mobile.Android.csproj", "{91DC7CF7-8447-4433-9CC7-8B07611F36D3}"
EndProject
Global
	GlobalSection(SolutionConfigurationPlatforms) = preSolution
		Ad-Hoc|Any CPU = Ad-Hoc|Any CPU
		Ad-Hoc|ARM = Ad-Hoc|ARM
		Ad-Hoc|iPhone = Ad-Hoc|iPhone
		Ad-Hoc|iPhoneSimulator = Ad-Hoc|iPhoneSimulator
		Ad-Hoc|x64 = Ad-Hoc|x64
		Ad-Hoc|x86 = Ad-Hoc|x86
		AppStore|Any CPU = AppStore|Any CPU
		AppStore|ARM = AppStore|ARM
		AppStore|iPhone = AppStore|iPhone
		AppStore|iPhoneSimulator = AppStore|iPhoneSimulator
		AppStore|x64 = AppStore|x64
		AppStore|x86 = AppStore|x86
		Debug|Any CPU = Debug|Any CPU
		Debug|ARM = Debug|ARM
		Debug|iPhone = Debug|iPhone
		Debug|iPhoneSimulator = Debug|iPhoneSimulator
		Debug|x64 = Debug|x64
		Debug|x86 = Debug|x86
		Release|Any CPU = Release|Any CPU
		Release|ARM = Release|ARM
		Release|iPhone = Release|iPhone
		Release|iPhoneSimulator = Release|iPhoneSimulator
		Release|x64 = Release|x64
		Release|x86 = Release|x86
	EndGlobalSection
	GlobalSection(ProjectConfigurationPlatforms) = postSolution
		{1B67CD10-D723-4F2B-BEBB-93F7C6E8AED7}.Ad-Hoc|Any CPU.ActiveCfg = Release|Any CPU
		{1B67CD10-D723-4F2B-BEBB-93F7C6E8AED7}.Ad-Hoc|Any CPU.Build.0 = Release|Any CPU
		{1B67CD10-D723-4F2B-BEBB-93F7C6E8AED7}.Ad-Hoc|ARM.ActiveCfg = Release|Any CPU
		{1B67CD10-D723-4F2B-BEBB-93F7C6E8AED7}.Ad-Hoc|ARM.Build.0 = Release|Any CPU
		{1B67CD10-D723-4F2B-BEBB-93F7C6E8AED7}.Ad-Hoc|iPhone.ActiveCfg = Release|Any CPU
		{1B67CD10-D723-4F2B-BEBB-93F7C6E8AED7}.Ad-Hoc|iPhone.Build.0 = Release|Any CPU
		{1B67CD10-D723-4F2B-BEBB-93F7C6E8AED7}.Ad-Hoc|iPhoneSimulator.ActiveCfg = Release|Any CPU
		{1B67CD10-D723-4F2B-BEBB-93F7C6E8AED7}.Ad-Hoc|iPhoneSimulator.Build.0 = Release|Any CPU
		{1B67CD10-D723-4F2B-BEBB-93F7C6E8AED7}.Ad-Hoc|x64.ActiveCfg = Release|Any CPU
		{1B67CD10-D723-4F2B-BEBB-93F7C6E8AED7}.Ad-Hoc|x64.Build.0 = Release|Any CPU
		{1B67CD10-D723-4F2B-BEBB-93F7C6E8AED7}.Ad-Hoc|x86.ActiveCfg = Release|Any CPU
		{1B67CD10-D723-4F2B-BEBB-93F7C6E8AED7}.Ad-Hoc|x86.Build.0 = Release|Any CPU
		{1B67CD10-D723-4F2B-BEBB-93F7C6E8AED7}.AppStore|Any CPU.ActiveCfg = Release|Any CPU
		{1B67CD10-D723-4F2B-BEBB-93F7C6E8AED7}.AppStore|Any CPU.Build.0 = Release|Any CPU
		{1B67CD10-D723-4F2B-BEBB-93F7C6E8AED7}.AppStore|ARM.ActiveCfg = Release|Any CPU
		{1B67CD10-D723-4F2B-BEBB-93F7C6E8AED7}.AppStore|ARM.Build.0 = Release|Any CPU
		{1B67CD10-D723-4F2B-BEBB-93F7C6E8AED7}.AppStore|iPhone.ActiveCfg = Release|Any CPU
		{1B67CD10-D723-4F2B-BEBB-93F7C6E8AED7}.AppStore|iPhone.Build.0 = Release|Any CPU
		{1B67CD10-D723-4F2B-BEBB-93F7C6E8AED7}.AppStore|iPhoneSimulator.ActiveCfg = Release|Any CPU
		{1B67CD10-D723-4F2B-BEBB-93F7C6E8AED7}.AppStore|iPhoneSimulator.Build.0 = Release|Any CPU
		{1B67CD10-D723-4F2B-BEBB-93F7C6E8AED7}.AppStore|x64.ActiveCfg = Release|Any CPU
		{1B67CD10-D723-4F2B-BEBB-93F7C6E8AED7}.AppStore|x64.Build.0 = Release|Any CPU
		{1B67CD10-D723-4F2B-BEBB-93F7C6E8AED7}.AppStore|x86.ActiveCfg = Release|Any CPU
		{1B67CD10-D723-4F2B-BEBB-93F7C6E8AED7}.AppStore|x86.Build.0 = Release|Any CPU
		{1B67CD10-D723-4F2B-BEBB-93F7C6E8AED7}.Debug|Any CPU.ActiveCfg = Debug|Any CPU
		{1B67CD10-D723-4F2B-BEBB-93F7C6E8AED7}.Debug|Any CPU.Build.0 = Debug|Any CPU
		{1B67CD10-D723-4F2B-BEBB-93F7C6E8AED7}.Debug|ARM.ActiveCfg = Debug|Any CPU
		{1B67CD10-D723-4F2B-BEBB-93F7C6E8AED7}.Debug|ARM.Build.0 = Debug|Any CPU
		{1B67CD10-D723-4F2B-BEBB-93F7C6E8AED7}.Debug|iPhone.ActiveCfg = Debug|Any CPU
		{1B67CD10-D723-4F2B-BEBB-93F7C6E8AED7}.Debug|iPhone.Build.0 = Debug|Any CPU
		{1B67CD10-D723-4F2B-BEBB-93F7C6E8AED7}.Debug|iPhoneSimulator.ActiveCfg = Debug|Any CPU
		{1B67CD10-D723-4F2B-BEBB-93F7C6E8AED7}.Debug|iPhoneSimulator.Build.0 = Debug|Any CPU
		{1B67CD10-D723-4F2B-BEBB-93F7C6E8AED7}.Debug|x64.ActiveCfg = Debug|Any CPU
		{1B67CD10-D723-4F2B-BEBB-93F7C6E8AED7}.Debug|x64.Build.0 = Debug|Any CPU
		{1B67CD10-D723-4F2B-BEBB-93F7C6E8AED7}.Debug|x86.ActiveCfg = Debug|Any CPU
		{1B67CD10-D723-4F2B-BEBB-93F7C6E8AED7}.Debug|x86.Build.0 = Debug|Any CPU
		{1B67CD10-D723-4F2B-BEBB-93F7C6E8AED7}.Release|Any CPU.ActiveCfg = Release|Any CPU
		{1B67CD10-D723-4F2B-BEBB-93F7C6E8AED7}.Release|Any CPU.Build.0 = Release|Any CPU
		{1B67CD10-D723-4F2B-BEBB-93F7C6E8AED7}.Release|ARM.ActiveCfg = Release|Any CPU
		{1B67CD10-D723-4F2B-BEBB-93F7C6E8AED7}.Release|ARM.Build.0 = Release|Any CPU
		{1B67CD10-D723-4F2B-BEBB-93F7C6E8AED7}.Release|iPhone.ActiveCfg = Release|Any CPU
		{1B67CD10-D723-4F2B-BEBB-93F7C6E8AED7}.Release|iPhone.Build.0 = Release|Any CPU
		{1B67CD10-D723-4F2B-BEBB-93F7C6E8AED7}.Release|iPhoneSimulator.ActiveCfg = Release|Any CPU
		{1B67CD10-D723-4F2B-BEBB-93F7C6E8AED7}.Release|iPhoneSimulator.Build.0 = Release|Any CPU
		{1B67CD10-D723-4F2B-BEBB-93F7C6E8AED7}.Release|x64.ActiveCfg = Release|Any CPU
		{1B67CD10-D723-4F2B-BEBB-93F7C6E8AED7}.Release|x64.Build.0 = Release|Any CPU
		{1B67CD10-D723-4F2B-BEBB-93F7C6E8AED7}.Release|x86.ActiveCfg = Release|Any CPU
		{1B67CD10-D723-4F2B-BEBB-93F7C6E8AED7}.Release|x86.Build.0 = Release|Any CPU
		{AC69DCB3-DF9D-4572-8BA8-CCB40424FABC}.Ad-Hoc|Any CPU.ActiveCfg = Ad-Hoc|iPhone
		{AC69DCB3-DF9D-4572-8BA8-CCB40424FABC}.Ad-Hoc|ARM.ActiveCfg = Ad-Hoc|iPhone
		{AC69DCB3-DF9D-4572-8BA8-CCB40424FABC}.Ad-Hoc|iPhone.ActiveCfg = Ad-Hoc|iPhone
		{AC69DCB3-DF9D-4572-8BA8-CCB40424FABC}.Ad-Hoc|iPhone.Build.0 = Ad-Hoc|iPhone
		{AC69DCB3-DF9D-4572-8BA8-CCB40424FABC}.Ad-Hoc|iPhoneSimulator.ActiveCfg = Ad-Hoc|iPhoneSimulator
		{AC69DCB3-DF9D-4572-8BA8-CCB40424FABC}.Ad-Hoc|iPhoneSimulator.Build.0 = Ad-Hoc|iPhoneSimulator
		{AC69DCB3-DF9D-4572-8BA8-CCB40424FABC}.Ad-Hoc|x64.ActiveCfg = Ad-Hoc|iPhone
		{AC69DCB3-DF9D-4572-8BA8-CCB40424FABC}.Ad-Hoc|x86.ActiveCfg = Ad-Hoc|iPhone
		{AC69DCB3-DF9D-4572-8BA8-CCB40424FABC}.AppStore|Any CPU.ActiveCfg = AppStore|iPhone
		{AC69DCB3-DF9D-4572-8BA8-CCB40424FABC}.AppStore|ARM.ActiveCfg = AppStore|iPhone
		{AC69DCB3-DF9D-4572-8BA8-CCB40424FABC}.AppStore|iPhone.ActiveCfg = AppStore|iPhone
		{AC69DCB3-DF9D-4572-8BA8-CCB40424FABC}.AppStore|iPhone.Build.0 = AppStore|iPhone
		{AC69DCB3-DF9D-4572-8BA8-CCB40424FABC}.AppStore|iPhoneSimulator.ActiveCfg = AppStore|iPhoneSimulator
		{AC69DCB3-DF9D-4572-8BA8-CCB40424FABC}.AppStore|iPhoneSimulator.Build.0 = AppStore|iPhoneSimulator
		{AC69DCB3-DF9D-4572-8BA8-CCB40424FABC}.AppStore|x64.ActiveCfg = AppStore|iPhone
		{AC69DCB3-DF9D-4572-8BA8-CCB40424FABC}.AppStore|x86.ActiveCfg = AppStore|iPhone
		{AC69DCB3-DF9D-4572-8BA8-CCB40424FABC}.Debug|Any CPU.ActiveCfg = Debug|iPhone
		{AC69DCB3-DF9D-4572-8BA8-CCB40424FABC}.Debug|ARM.ActiveCfg = Debug|iPhone
		{AC69DCB3-DF9D-4572-8BA8-CCB40424FABC}.Debug|iPhone.ActiveCfg = Debug|iPhone
		{AC69DCB3-DF9D-4572-8BA8-CCB40424FABC}.Debug|iPhone.Build.0 = Debug|iPhone
		{AC69DCB3-DF9D-4572-8BA8-CCB40424FABC}.Debug|iPhoneSimulator.ActiveCfg = Debug|iPhoneSimulator
		{AC69DCB3-DF9D-4572-8BA8-CCB40424FABC}.Debug|iPhoneSimulator.Build.0 = Debug|iPhoneSimulator
		{AC69DCB3-DF9D-4572-8BA8-CCB40424FABC}.Debug|x64.ActiveCfg = Debug|iPhone
		{AC69DCB3-DF9D-4572-8BA8-CCB40424FABC}.Debug|x86.ActiveCfg = Debug|iPhone
		{AC69DCB3-DF9D-4572-8BA8-CCB40424FABC}.Release|Any CPU.ActiveCfg = Release|iPhone
		{AC69DCB3-DF9D-4572-8BA8-CCB40424FABC}.Release|ARM.ActiveCfg = Release|iPhone
		{AC69DCB3-DF9D-4572-8BA8-CCB40424FABC}.Release|iPhone.ActiveCfg = Release|iPhone
		{AC69DCB3-DF9D-4572-8BA8-CCB40424FABC}.Release|iPhone.Build.0 = Release|iPhone
		{AC69DCB3-DF9D-4572-8BA8-CCB40424FABC}.Release|iPhoneSimulator.ActiveCfg = Release|iPhoneSimulator
		{AC69DCB3-DF9D-4572-8BA8-CCB40424FABC}.Release|iPhoneSimulator.Build.0 = Release|iPhoneSimulator
		{AC69DCB3-DF9D-4572-8BA8-CCB40424FABC}.Release|x64.ActiveCfg = Release|iPhone
		{AC69DCB3-DF9D-4572-8BA8-CCB40424FABC}.Release|x86.ActiveCfg = Release|iPhone
		{91DC7CF7-8447-4433-9CC7-8B07611F36D3}.Ad-Hoc|Any CPU.ActiveCfg = Release|Any CPU
		{91DC7CF7-8447-4433-9CC7-8B07611F36D3}.Ad-Hoc|Any CPU.Build.0 = Release|Any CPU
		{91DC7CF7-8447-4433-9CC7-8B07611F36D3}.Ad-Hoc|Any CPU.Deploy.0 = Release|Any CPU
		{91DC7CF7-8447-4433-9CC7-8B07611F36D3}.Ad-Hoc|ARM.ActiveCfg = Release|Any CPU
		{91DC7CF7-8447-4433-9CC7-8B07611F36D3}.Ad-Hoc|ARM.Build.0 = Release|Any CPU
		{91DC7CF7-8447-4433-9CC7-8B07611F36D3}.Ad-Hoc|ARM.Deploy.0 = Release|Any CPU
		{91DC7CF7-8447-4433-9CC7-8B07611F36D3}.Ad-Hoc|iPhone.ActiveCfg = Release|Any CPU
		{91DC7CF7-8447-4433-9CC7-8B07611F36D3}.Ad-Hoc|iPhone.Build.0 = Release|Any CPU
		{91DC7CF7-8447-4433-9CC7-8B07611F36D3}.Ad-Hoc|iPhone.Deploy.0 = Release|Any CPU
		{91DC7CF7-8447-4433-9CC7-8B07611F36D3}.Ad-Hoc|iPhoneSimulator.ActiveCfg = Release|Any CPU
		{91DC7CF7-8447-4433-9CC7-8B07611F36D3}.Ad-Hoc|iPhoneSimulator.Build.0 = Release|Any CPU
		{91DC7CF7-8447-4433-9CC7-8B07611F36D3}.Ad-Hoc|iPhoneSimulator.Deploy.0 = Release|Any CPU
		{91DC7CF7-8447-4433-9CC7-8B07611F36D3}.Ad-Hoc|x64.ActiveCfg = Release|Any CPU
		{91DC7CF7-8447-4433-9CC7-8B07611F36D3}.Ad-Hoc|x64.Build.0 = Release|Any CPU
		{91DC7CF7-8447-4433-9CC7-8B07611F36D3}.Ad-Hoc|x64.Deploy.0 = Release|Any CPU
		{91DC7CF7-8447-4433-9CC7-8B07611F36D3}.Ad-Hoc|x86.ActiveCfg = Release|Any CPU
		{91DC7CF7-8447-4433-9CC7-8B07611F36D3}.Ad-Hoc|x86.Build.0 = Release|Any CPU
		{91DC7CF7-8447-4433-9CC7-8B07611F36D3}.Ad-Hoc|x86.Deploy.0 = Release|Any CPU
		{91DC7CF7-8447-4433-9CC7-8B07611F36D3}.AppStore|Any CPU.ActiveCfg = Release|Any CPU
		{91DC7CF7-8447-4433-9CC7-8B07611F36D3}.AppStore|Any CPU.Build.0 = Release|Any CPU
		{91DC7CF7-8447-4433-9CC7-8B07611F36D3}.AppStore|Any CPU.Deploy.0 = Release|Any CPU
		{91DC7CF7-8447-4433-9CC7-8B07611F36D3}.AppStore|ARM.ActiveCfg = Release|Any CPU
		{91DC7CF7-8447-4433-9CC7-8B07611F36D3}.AppStore|ARM.Build.0 = Release|Any CPU
		{91DC7CF7-8447-4433-9CC7-8B07611F36D3}.AppStore|ARM.Deploy.0 = Release|Any CPU
		{91DC7CF7-8447-4433-9CC7-8B07611F36D3}.AppStore|iPhone.ActiveCfg = Release|Any CPU
		{91DC7CF7-8447-4433-9CC7-8B07611F36D3}.AppStore|iPhone.Build.0 = Release|Any CPU
		{91DC7CF7-8447-4433-9CC7-8B07611F36D3}.AppStore|iPhone.Deploy.0 = Release|Any CPU
		{91DC7CF7-8447-4433-9CC7-8B07611F36D3}.AppStore|iPhoneSimulator.ActiveCfg = Release|Any CPU
		{91DC7CF7-8447-4433-9CC7-8B07611F36D3}.AppStore|iPhoneSimulator.Build.0 = Release|Any CPU
		{91DC7CF7-8447-4433-9CC7-8B07611F36D3}.AppStore|iPhoneSimulator.Deploy.0 = Release|Any CPU
		{91DC7CF7-8447-4433-9CC7-8B07611F36D3}.AppStore|x64.ActiveCfg = Release|Any CPU
		{91DC7CF7-8447-4433-9CC7-8B07611F36D3}.AppStore|x64.Build.0 = Release|Any CPU
		{91DC7CF7-8447-4433-9CC7-8B07611F36D3}.AppStore|x64.Deploy.0 = Release|Any CPU
		{91DC7CF7-8447-4433-9CC7-8B07611F36D3}.AppStore|x86.ActiveCfg = Release|Any CPU
		{91DC7CF7-8447-4433-9CC7-8B07611F36D3}.AppStore|x86.Build.0 = Release|Any CPU
		{91DC7CF7-8447-4433-9CC7-8B07611F36D3}.AppStore|x86.Deploy.0 = Release|Any CPU
		{91DC7CF7-8447-4433-9CC7-8B07611F36D3}.Debug|Any CPU.ActiveCfg = Debug|Any CPU
		{91DC7CF7-8447-4433-9CC7-8B07611F36D3}.Debug|Any CPU.Build.0 = Debug|Any CPU
		{91DC7CF7-8447-4433-9CC7-8B07611F36D3}.Debug|Any CPU.Deploy.0 = Debug|Any CPU
		{91DC7CF7-8447-4433-9CC7-8B07611F36D3}.Debug|ARM.ActiveCfg = Debug|Any CPU
		{91DC7CF7-8447-4433-9CC7-8B07611F36D3}.Debug|ARM.Build.0 = Debug|Any CPU
		{91DC7CF7-8447-4433-9CC7-8B07611F36D3}.Debug|ARM.Deploy.0 = Debug|Any CPU
		{91DC7CF7-8447-4433-9CC7-8B07611F36D3}.Debug|iPhone.ActiveCfg = Debug|Any CPU
		{91DC7CF7-8447-4433-9CC7-8B07611F36D3}.Debug|iPhone.Build.0 = Debug|Any CPU
		{91DC7CF7-8447-4433-9CC7-8B07611F36D3}.Debug|iPhone.Deploy.0 = Debug|Any CPU
		{91DC7CF7-8447-4433-9CC7-8B07611F36D3}.Debug|iPhoneSimulator.ActiveCfg = Debug|Any CPU
		{91DC7CF7-8447-4433-9CC7-8B07611F36D3}.Debug|iPhoneSimulator.Build.0 = Debug|Any CPU
		{91DC7CF7-8447-4433-9CC7-8B07611F36D3}.Debug|iPhoneSimulator.Deploy.0 = Debug|Any CPU
		{91DC7CF7-8447-4433-9CC7-8B07611F36D3}.Debug|x64.ActiveCfg = Debug|Any CPU
		{91DC7CF7-8447-4433-9CC7-8B07611F36D3}.Debug|x64.Build.0 = Debug|Any CPU
		{91DC7CF7-8447-4433-9CC7-8B07611F36D3}.Debug|x64.Deploy.0 = Debug|Any CPU
		{91DC7CF7-8447-4433-9CC7-8B07611F36D3}.Debug|x86.ActiveCfg = Debug|Any CPU
		{91DC7CF7-8447-4433-9CC7-8B07611F36D3}.Debug|x86.Build.0 = Debug|Any CPU
		{91DC7CF7-8447-4433-9CC7-8B07611F36D3}.Debug|x86.Deploy.0 = Debug|Any CPU
		{91DC7CF7-8447-4433-9CC7-8B07611F36D3}.Release|Any CPU.ActiveCfg = Release|Any CPU
		{91DC7CF7-8447-4433-9CC7-8B07611F36D3}.Release|Any CPU.Build.0 = Release|Any CPU
		{91DC7CF7-8447-4433-9CC7-8B07611F36D3}.Release|Any CPU.Deploy.0 = Release|Any CPU
		{91DC7CF7-8447-4433-9CC7-8B07611F36D3}.Release|ARM.ActiveCfg = Release|Any CPU
		{91DC7CF7-8447-4433-9CC7-8B07611F36D3}.Release|ARM.Build.0 = Release|Any CPU
		{91DC7CF7-8447-4433-9CC7-8B07611F36D3}.Release|ARM.Deploy.0 = Release|Any CPU
		{91DC7CF7-8447-4433-9CC7-8B07611F36D3}.Release|iPhone.ActiveCfg = Release|Any CPU
		{91DC7CF7-8447-4433-9CC7-8B07611F36D3}.Release|iPhone.Build.0 = Release|Any CPU
		{91DC7CF7-8447-4433-9CC7-8B07611F36D3}.Release|iPhone.Deploy.0 = Release|Any CPU
		{91DC7CF7-8447-4433-9CC7-8B07611F36D3}.Release|iPhoneSimulator.ActiveCfg = Release|Any CPU
		{91DC7CF7-8447-4433-9CC7-8B07611F36D3}.Release|iPhoneSimulator.Build.0 = Release|Any CPU
		{91DC7CF7-8447-4433-9CC7-8B07611F36D3}.Release|iPhoneSimulator.Deploy.0 = Release|Any CPU
		{91DC7CF7-8447-4433-9CC7-8B07611F36D3}.Release|x64.ActiveCfg = Release|Any CPU
		{91DC7CF7-8447-4433-9CC7-8B07611F36D3}.Release|x64.Build.0 = Release|Any CPU
		{91DC7CF7-8447-4433-9CC7-8B07611F36D3}.Release|x64.Deploy.0 = Release|Any CPU
		{91DC7CF7-8447-4433-9CC7-8B07611F36D3}.Release|x86.ActiveCfg = Release|Any CPU
		{91DC7CF7-8447-4433-9CC7-8B07611F36D3}.Release|x86.Build.0 = Release|Any CPU
		{91DC7CF7-8447-4433-9CC7-8B07611F36D3}.Release|x86.Deploy.0 = Release|Any CPU
	EndGlobalSection
	GlobalSection(SolutionProperties) = preSolution
		HideSolutionNode = FALSE
	EndGlobalSection
	GlobalSection(ExtensibilityGlobals) = postSolution
		SolutionGuid = {9B682A76-5E2F-4944-80F9-BC9826450391}
	EndGlobalSection
EndGlobal
